// !$*UTF8*$!
{
	archiveVersion = 1;
	classes = {
	};
	objectVersion = 56;
	objects = {

/* Begin PBXBuildFile section */
		C9F5A7D12B8D23EF00B22DA3 /* HalfwayApp.swift in Sources */ = {isa = PBXBuildFile; fileRef = C9F5A7D02B8D23EF00B22DA3 /* HalfwayApp.swift */; };
		C9F5A7D52B8D23F100B22DA3 /* Assets.xcassets in Sources */ = {isa = PBXBuildFile; fileRef = C9F5A7D42B8D23F100B22DA3 /* Assets.xcassets */; };
		C9F5A7D82B8D23F100B22DA3 /* Preview Assets.xcassets in Resources */ = {isa = PBXBuildFile; fileRef = C9F5A7D72B8D23F100B22DA3 /* Preview Assets.xcassets */; };
		C9F5A7E02B8D242100B22DA3 /* LocationManager.swift in Sources */ = {isa = PBXBuildFile; fileRef = C9F5A7DF2B8D242100B22DA3 /* LocationManager.swift */; };
		C9F5A7E32B8D245100B22DA3 /* Place.swift in Sources */ = {isa = PBXBuildFile; fileRef = C9F5A7E22B8D245100B22DA3 /* Place.swift */; };
		C9F5A7E52B8D246200B22DA3 /* Location.swift in Sources */ = {isa = PBXBuildFile; fileRef = C9F5A7E42B8D246200B22DA3 /* Location.swift */; };
		C9F5A7E82B8D247400B22DA3 /* HalfwayViewModel.swift in Sources */ = {isa = PBXBuildFile; fileRef = C9F5A7E72B8D247400B22DA3 /* HalfwayViewModel.swift */; };
		C9F5A7EB2B8D248900B22DA3 /* MainView.swift in Sources */ = {isa = PBXBuildFile; fileRef = C9F5A7EA2B8D248900B22DA3 /* MainView.swift */; };
		C9F5A7ED2B8D249900B22DA3 /* MapView.swift in Sources */ = {isa = PBXBuildFile; fileRef = C9F5A7EC2B8D249900B22DA3 /* MapView.swift */; };
		C9F5A7EF2B8D24A900B22DA3 /* LocationSearchView.swift in Sources */ = {isa = PBXBuildFile; fileRef = C9F5A7EE2B8D24A900B22DA3 /* LocationSearchView.swift */; };
		C9F5A7F12B8D24B700B22DA3 /* PlaceRow.swift in Sources */ = {isa = PBXBuildFile; fileRef = C9F5A7F02B8D24B700B22DA3 /* PlaceRow.swift */; };
		C9F5A7F32B8D24C500B22DA3 /* PlaceDetailView.swift in Sources */ = {isa = PBXBuildFile; fileRef = C9F5A7F22B8D24C500B22DA3 /* PlaceDetailView.swift */; };
		D1A8B4012BB95F3C00123456 /* Views in Sources */ = {isa = PBXBuildFile; fileRef = D1A8B4002BB95F3C00123456 /* Views */; };
		D1A8B4032BB95F4D00123456 /* Views in Sources */ = {isa = PBXBuildFile; fileRef = D1A8B4022BB95F4D00123456 /* Views */; };
		D1A8B4052BB95F5E00123456 /* Views in Sources */ = {isa = PBXBuildFile; fileRef = D1A8B4042BB95F5E00123456 /* Views */; };
		D1A8B4072BB95F6F00123456 /* Views in Sources */ = {isa = PBXBuildFile; fileRef = D1A8B4062BB95F6F00123456 /* Views */; };
		D1A8B4092BB95F8000123456 /* Views in Sources */ = {isa = PBXBuildFile; fileRef = D1A8B4082BB95F8000123456 /* Views */; };
		D1A8B40B2BB9DF0000123456 /* 120.png in Resources */ = {isa = PBXBuildFile; fileRef = D1A8B40A2BB9DF0000123456 /* 120.png */; };
/* End PBXBuildFile section */

/* Begin PBXFileReference section */
		C9F5A7CD2B8D23EF00B22DA3 /* Halfway.app */ = {isa = PBXFileReference; explicitFileType = wrapper.application; includeInIndex = 0; path = Halfway.app; sourceTree = BUILT_PRODUCTS_DIR; };
		C9F5A7D02B8D23EF00B22DA3 /* HalfwayApp.swift */ = {isa = PBXFileReference; lastKnownFileType = sourcecode.swift; path = HalfwayApp.swift; sourceTree = "<group>"; };
		C9F5A7D42B8D23F100B22DA3 /* Assets.xcassets */ = {isa = PBXFileReference; lastKnownFileType = folder.assetcatalog; path = Assets.xcassets; sourceTree = "<group>"; };
		C9F5A7D72B8D23F100B22DA3 /* Preview Assets.xcassets */ = {isa = PBXFileReference; lastKnownFileType = folder.assetcatalog; path = "Preview Assets.xcassets"; sourceTree = "<group>"; };
		C9F5A7DF2B8D242100B22DA3 /* LocationManager.swift */ = {isa = PBXFileReference; lastKnownFileType = sourcecode.swift; path = LocationManager.swift; sourceTree = "<group>"; };
		C9F5A7E22B8D245100B22DA3 /* Place.swift */ = {isa = PBXFileReference; lastKnownFileType = sourcecode.swift; path = Place.swift; sourceTree = "<group>"; };
		C9F5A7E42B8D246200B22DA3 /* Location.swift */ = {isa = PBXFileReference; lastKnownFileType = sourcecode.swift; path = Location.swift; sourceTree = "<group>"; };
		C9F5A7E72B8D247400B22DA3 /* HalfwayViewModel.swift */ = {isa = PBXFileReference; lastKnownFileType = sourcecode.swift; path = HalfwayViewModel.swift; sourceTree = "<group>"; };
		C9F5A7EA2B8D248900B22DA3 /* MainView.swift */ = {isa = PBXFileReference; lastKnownFileType = sourcecode.swift; path = MainView.swift; sourceTree = "<group>"; };
		C9F5A7EC2B8D249900B22DA3 /* MapView.swift */ = {isa = PBXFileReference; lastKnownFileType = sourcecode.swift; path = MapView.swift; sourceTree = "<group>"; };
		C9F5A7EE2B8D24A900B22DA3 /* LocationSearchView.swift */ = {isa = PBXFileReference; lastKnownFileType = sourcecode.swift; path = LocationSearchView.swift; sourceTree = "<group>"; };
		C9F5A7F02B8D24B700B22DA3 /* PlaceRow.swift */ = {isa = PBXFileReference; lastKnownFileType = sourcecode.swift; path = PlaceRow.swift; sourceTree = "<group>"; };
		C9F5A7F22B8D24C500B22DA3 /* PlaceDetailView.swift */ = {isa = PBXFileReference; lastKnownFileType = sourcecode.swift; path = PlaceDetailView.swift; sourceTree = "<group>"; };
		C9F5A7F42B8D257200B22DA3 /* Info.plist */ = {isa = PBXFileReference; lastKnownFileType = text.plist.xml; path = Info.plist; sourceTree = "<group>"; };
		C9F5A7F52B8D259100B22DA3 /* README.md */ = {isa = PBXFileReference; lastKnownFileType = net.daringfireball.markdown; path = README.md; sourceTree = "<group>"; };
		D1A8B4002BB95F3C00123456 /* Views */ = {isa = PBXFileReference; lastKnownFileType = sourcecode.swift; name = Views; path = OnboardingView.swift; sourceTree = "<group>"; };
		D1A8B4022BB95F4D00123456 /* Views */ = {isa = PBXFileReference; lastKnownFileType = sourcecode.swift; name = Views; path = MapDemonstrationView.swift; sourceTree = "<group>"; };
		D1A8B4042BB95F5E00123456 /* Views */ = {isa = PBXFileReference; lastKnownFileType = sourcecode.swift; name = Views; path = HelpTooltipView.swift; sourceTree = "<group>"; };
		D1A8B4062BB95F6F00123456 /* Views */ = {isa = PBXFileReference; lastKnownFileType = sourcecode.swift; name = Views; path = MiniMapView.swift; sourceTree = "<group>"; };
		D1A8B4082BB95F8000123456 /* Views */ = {isa = PBXFileReference; lastKnownFileType = sourcecode.swift; name = Views; path = GenerateLaunchIcon.swift; sourceTree = "<group>"; };
		D1A8B40A2BB9DF0000123456 /* 120.png */ = {isa = PBXFileReference; lastKnownFileType = image.png; path = 120.png; sourceTree = "<group>"; };
/* End PBXFileReference section */

/* Begin PBXFrameworksBuildPhase section */
		C9F5A7CA2B8D23EF00B22DA3 /* Frameworks */ = {
			isa = PBXFrameworksBuildPhase;
			buildActionMask = 2147483647;
			files = (
			);
			runOnlyForDeploymentPostprocessing = 0;
		};
/* End PBXFrameworksBuildPhase section */

/* Begin PBXGroup section */
		C9F5A7C42B8D23EF00B22DA3 = {
			isa = PBXGroup;
			children = (
				C9F5A7CF2B8D23EF00B22DA3 /* Halfway */,
				C9F5A7CE2B8D23EF00B22DA3 /* Products */,
			);
			sourceTree = "<group>";
		};
		C9F5A7CE2B8D23EF00B22DA3 /* Products */ = {
			isa = PBXGroup;
			children = (
				C9F5A7CD2B8D23EF00B22DA3 /* Halfway.app */,
			);
			name = Products;
			sourceTree = "<group>";
		};
		C9F5A7CF2B8D23EF00B22DA3 /* Halfway */ = {
			isa = PBXGroup;
			children = (
				C9F5A7F52B8D259100B22DA3 /* README.md */,
				C9F5A7F42B8D257200B22DA3 /* Info.plist */,
				C9F5A7D02B8D23EF00B22DA3 /* HalfwayApp.swift */,
				C9F5A7DF2B8D242100B22DA3 /* LocationManager.swift */,
				C9F5A7E12B8D243400B22DA3 /* Models */,
				C9F5A7E62B8D246B00B22DA3 /* ViewModels */,
				C9F5A7E92B8D248000B22DA3 /* Views */,
				D1A8B40C2BB9DF0C00123456 /* Resources */,
				C9F5A7D42B8D23F100B22DA3 /* Assets.xcassets */,
				C9F5A7D62B8D23F100B22DA3 /* Preview Content */,
			);
			path = Halfway;
			sourceTree = "<group>";
		};
		C9F5A7D62B8D23F100B22DA3 /* Preview Content */ = {
			isa = PBXGroup;
			children = (
				C9F5A7D72B8D23F100B22DA3 /* Preview Assets.xcassets */,
			);
			path = "Preview Content";
			sourceTree = "<group>";
		};
		C9F5A7E12B8D243400B22DA3 /* Models */ = {
			isa = PBXGroup;
			children = (
				C9F5A7E22B8D245100B22DA3 /* Place.swift */,
				C9F5A7E42B8D246200B22DA3 /* Location.swift */,
			);
			path = Models;
			sourceTree = "<group>";
		};
		C9F5A7E62B8D246B00B22DA3 /* ViewModels */ = {
			isa = PBXGroup;
			children = (
				C9F5A7E72B8D247400B22DA3 /* HalfwayViewModel.swift */,
			);
			path = ViewModels;
			sourceTree = "<group>";
		};
		C9F5A7E92B8D248000B22DA3 /* Views */ = {
			isa = PBXGroup;
			children = (
				C9F5A7EA2B8D248900B22DA3 /* MainView.swift */,
				C9F5A7EC2B8D249900B22DA3 /* MapView.swift */,
				C9F5A7EE2B8D24A900B22DA3 /* LocationSearchView.swift */,
				C9F5A7F02B8D24B700B22DA3 /* PlaceRow.swift */,
				C9F5A7F22B8D24C500B22DA3 /* PlaceDetailView.swift */,
				D1A8B4002BB95F3C00123456 /* Views */,
				D1A8B4022BB95F4D00123456 /* Views */,
				D1A8B4042BB95F5E00123456 /* Views */,
				D1A8B4062BB95F6F00123456 /* Views */,
				D1A8B4082BB95F8000123456 /* Views */,
			);
			path = Views;
			sourceTree = "<group>";
		};
		D1A8B40C2BB9DF0C00123456 /* Resources */ = {
			isa = PBXGroup;
			children = (
				D1A8B40A2BB9DF0000123456 /* 120.png */,
			);
			path = Resources;
			sourceTree = "<group>";
		};
/* End PBXGroup section */

/* Begin PBXNativeTarget section */
		C9F5A7CC2B8D23EF00B22DA3 /* Halfway */ = {
			isa = PBXNativeTarget;
			buildConfigurationList = C9F5A7DB2B8D23F100B22DA3 /* Build configuration list for PBXNativeTarget "Halfway" */;
			buildPhases = (
				C9F5A7C92B8D23EF00B22DA3 /* Sources */,
				C9F5A7CA2B8D23EF00B22DA3 /* Frameworks */,
				C9F5A7CB2B8D23EF00B22DA3 /* Resources */,
			);
			buildRules = (
			);
			dependencies = (
			);
			name = Halfway;
			productName = Halfway;
			productReference = C9F5A7CD2B8D23EF00B22DA3 /* Halfway.app */;
			productType = "com.apple.product-type.application";
		};
/* End PBXNativeTarget section */

/* Begin PBXProject section */
		C9F5A7C52B8D23EF00B22DA3 /* Project object */ = {
			isa = PBXProject;
			attributes = {
				BuildIndependentTargetsInParallel = 1;
				LastSwiftUpdateCheck = 1520;
				LastUpgradeCheck = 1520;
				TargetAttributes = {
					C9F5A7CC2B8D23EF00B22DA3 = {
						CreatedOnToolsVersion = 15.2;
					};
				};
			};
			buildConfigurationList = C9F5A7C82B8D23EF00B22DA3 /* Build configuration list for PBXProject "Halfway" */;
			compatibilityVersion = "Xcode 14.0";
			developmentRegion = en;
			hasScannedForEncodings = 0;
			knownRegions = (
				en,
				Base,
			);
			mainGroup = C9F5A7C42B8D23EF00B22DA3;
			productRefGroup = C9F5A7CE2B8D23EF00B22DA3 /* Products */;
			projectDirPath = "";
			projectRoot = "";
			targets = (
				C9F5A7CC2B8D23EF00B22DA3 /* Halfway */,
			);
		};
/* End PBXProject section */

/* Begin PBXResourcesBuildPhase section */
		C9F5A7CB2B8D23EF00B22DA3 /* Resources */ = {
			isa = PBXResourcesBuildPhase;
			buildActionMask = 2147483647;
			files = (
				C9F5A7D82B8D23F100B22DA3 /* Preview Assets.xcassets in Resources */,
				D1A8B40B2BB9DF0000123456 /* 120.png in Resources */,
			);
			runOnlyForDeploymentPostprocessing = 0;
		};
/* End PBXResourcesBuildPhase section */

/* Begin PBXSourcesBuildPhase section */
		C9F5A7C92B8D23EF00B22DA3 /* Sources */ = {
			isa = PBXSourcesBuildPhase;
			buildActionMask = 2147483647;
			files = (
				C9F5A7ED2B8D249900B22DA3 /* MapView.swift in Sources */,
				C9F5A7E52B8D246200B22DA3 /* Location.swift in Sources */,
				C9F5A7F12B8D24B700B22DA3 /* PlaceRow.swift in Sources */,
				C9F5A7E82B8D247400B22DA3 /* HalfwayViewModel.swift in Sources */,
				C9F5A7E32B8D245100B22DA3 /* Place.swift in Sources */,
				C9F5A7EB2B8D248900B22DA3 /* MainView.swift in Sources */,
				C9F5A7F32B8D24C500B22DA3 /* PlaceDetailView.swift in Sources */,
				C9F5A7E02B8D242100B22DA3 /* LocationManager.swift in Sources */,
				C9F5A7D12B8D23EF00B22DA3 /* HalfwayApp.swift in Sources */,
				C9F5A7D52B8D23F100B22DA3 /* Assets.xcassets in Sources */,
				C9F5A7EF2B8D24A900B22DA3 /* LocationSearchView.swift in Sources */,
				D1A8B4012BB95F3C00123456 /* Views in Sources */,
				D1A8B4032BB95F4D00123456 /* Views in Sources */,
				D1A8B4052BB95F5E00123456 /* Views in Sources */,
				D1A8B4072BB95F6F00123456 /* Views in Sources */,
				D1A8B4092BB95F8000123456 /* Views in Sources */,
			);
			runOnlyForDeploymentPostprocessing = 0;
		};
/* End PBXSourcesBuildPhase section */

/* Begin XCBuildConfiguration section */
		C9F5A7D92B8D23F100B22DA3 /* Debug */ = {
			isa = XCBuildConfiguration;
			buildSettings = {
				ALWAYS_SEARCH_USER_PATHS = NO;
				ASSETCATALOG_COMPILER_APPICON_NAME = AppIcon;
				ASSETCATALOG_COMPILER_GENERATE_SWIFT_ASSET_SYMBOL_EXTENSIONS = YES;
				CLANG_ANALYZER_NONNULL = YES;
				CLANG_ANALYZER_NUMBER_OBJECT_CONVERSION = YES_AGGRESSIVE;
				CLANG_CXX_LANGUAGE_STANDARD = "gnu++20";
				CLANG_ENABLE_MODULES = YES;
				CLANG_ENABLE_OBJC_ARC = YES;
				CLANG_ENABLE_OBJC_WEAK = YES;
				CLANG_WARN_BLOCK_CAPTURE_AUTORELEASING = YES;
				CLANG_WARN_BOOL_CONVERSION = YES;
				CLANG_WARN_COMMA = YES;
				CLANG_WARN_CONSTANT_CONVERSION = YES;
				CLANG_WARN_DEPRECATED_OBJC_IMPLEMENTATIONS = YES;
				CLANG_WARN_DIRECT_OBJC_ISA_USAGE = YES_ERROR;
				CLANG_WARN_DOCUMENTATION_COMMENTS = YES;
				CLANG_WARN_EMPTY_BODY = YES;
				CLANG_WARN_ENUM_CONVERSION = YES;
				CLANG_WARN_INFINITE_RECURSION = YES;
				CLANG_WARN_INT_CONVERSION = YES;
				CLANG_WARN_NON_LITERAL_NULL_CONVERSION = YES;
				CLANG_WARN_OBJC_IMPLICIT_RETAIN_SELF = YES;
				CLANG_WARN_OBJC_LITERAL_CONVERSION = YES;
				CLANG_WARN_OBJC_ROOT_CLASS = YES_ERROR;
				CLANG_WARN_QUOTED_INCLUDE_IN_FRAMEWORK_HEADER = YES;
				CLANG_WARN_RANGE_LOOP_ANALYSIS = YES;
				CLANG_WARN_STRICT_PROTOTYPES = YES;
				CLANG_WARN_SUSPICIOUS_MOVE = YES;
				CLANG_WARN_UNGUARDED_AVAILABILITY = YES_AGGRESSIVE;
				CLANG_WARN_UNREACHABLE_CODE = YES;
				CLANG_WARN__DUPLICATE_METHOD_MATCH = YES;
				COPY_PHASE_STRIP = NO;
				DEBUG_INFORMATION_FORMAT = dwarf;
				ENABLE_STRICT_OBJC_MSGSEND = YES;
				ENABLE_TESTABILITY = YES;
				ENABLE_USER_SCRIPT_SANDBOXING = YES;
				GCC_C_LANGUAGE_STANDARD = gnu17;
				GCC_DYNAMIC_NO_PIC = NO;
				GCC_NO_COMMON_BLOCKS = YES;
				GCC_OPTIMIZATION_LEVEL = 0;
				GCC_PREPROCESSOR_DEFINITIONS = (
					"DEBUG=1",
					"$(inherited)",
				);
				GCC_WARN_64_TO_32_BIT_CONVERSION = YES;
				GCC_WARN_ABOUT_RETURN_TYPE = YES_ERROR;
				GCC_WARN_UNDECLARED_SELECTOR = YES;
				GCC_WARN_UNINITIALIZED_AUTOS = YES_AGGRESSIVE;
				GCC_WARN_UNUSED_FUNCTION = YES;
				GCC_WARN_UNUSED_VARIABLE = YES;
				IPHONEOS_DEPLOYMENT_TARGET = 15.0;
				LOCALIZATION_PREFERS_STRING_CATALOGS = YES;
				MTL_ENABLE_DEBUG_INFO = INCLUDE_SOURCE;
				MTL_FAST_MATH = YES;
				ONLY_ACTIVE_ARCH = YES;
				SDKROOT = iphoneos;
				SWIFT_ACTIVE_COMPILATION_CONDITIONS = "DEBUG $(inherited)";
				SWIFT_OPTIMIZATION_LEVEL = "-Onone";
			};
			name = Debug;
		};
		C9F5A7DA2B8D23F100B22DA3 /* Release */ = {
			isa = XCBuildConfiguration;
			buildSettings = {
				ALWAYS_SEARCH_USER_PATHS = NO;
				ASSETCATALOG_COMPILER_APPICON_NAME = AppIcon;
				ASSETCATALOG_COMPILER_GENERATE_SWIFT_ASSET_SYMBOL_EXTENSIONS = YES;
				CLANG_ANALYZER_NONNULL = YES;
				CLANG_ANALYZER_NUMBER_OBJECT_CONVERSION = YES_AGGRESSIVE;
				CLANG_CXX_LANGUAGE_STANDARD = "gnu++20";
				CLANG_ENABLE_MODULES = YES;
				CLANG_ENABLE_OBJC_ARC = YES;
				CLANG_ENABLE_OBJC_WEAK = YES;
				CLANG_WARN_BLOCK_CAPTURE_AUTORELEASING = YES;
				CLANG_WARN_BOOL_CONVERSION = YES;
				CLANG_WARN_COMMA = YES;
				CLANG_WARN_CONSTANT_CONVERSION = YES;
				CLANG_WARN_DEPRECATED_OBJC_IMPLEMENTATIONS = YES;
				CLANG_WARN_DIRECT_OBJC_ISA_USAGE = YES_ERROR;
				CLANG_WARN_DOCUMENTATION_COMMENTS = YES;
				CLANG_WARN_EMPTY_BODY = YES;
				CLANG_WARN_ENUM_CONVERSION = YES;
				CLANG_WARN_INFINITE_RECURSION = YES;
				CLANG_WARN_INT_CONVERSION = YES;
				CLANG_WARN_NON_LITERAL_NULL_CONVERSION = YES;
				CLANG_WARN_OBJC_IMPLICIT_RETAIN_SELF = YES;
				CLANG_WARN_OBJC_LITERAL_CONVERSION = YES;
				CLANG_WARN_OBJC_ROOT_CLASS = YES_ERROR;
				CLANG_WARN_QUOTED_INCLUDE_IN_FRAMEWORK_HEADER = YES;
				CLANG_WARN_RANGE_LOOP_ANALYSIS = YES;
				CLANG_WARN_STRICT_PROTOTYPES = YES;
				CLANG_WARN_SUSPICIOUS_MOVE = YES;
				CLANG_WARN_UNGUARDED_AVAILABILITY = YES_AGGRESSIVE;
				CLANG_WARN_UNREACHABLE_CODE = YES;
				CLANG_WARN__DUPLICATE_METHOD_MATCH = YES;
				COPY_PHASE_STRIP = NO;
				DEBUG_INFORMATION_FORMAT = "dwarf-with-dsym";
				ENABLE_NS_ASSERTIONS = NO;
				ENABLE_STRICT_OBJC_MSGSEND = YES;
				ENABLE_USER_SCRIPT_SANDBOXING = YES;
				GCC_C_LANGUAGE_STANDARD = gnu17;
				GCC_NO_COMMON_BLOCKS = YES;
				GCC_WARN_64_TO_32_BIT_CONVERSION = YES;
				GCC_WARN_ABOUT_RETURN_TYPE = YES_ERROR;
				GCC_WARN_UNDECLARED_SELECTOR = YES;
				GCC_WARN_UNINITIALIZED_AUTOS = YES_AGGRESSIVE;
				GCC_WARN_UNUSED_FUNCTION = YES;
				GCC_WARN_UNUSED_VARIABLE = YES;
				IPHONEOS_DEPLOYMENT_TARGET = 15.0;
				LOCALIZATION_PREFERS_STRING_CATALOGS = YES;
				MTL_ENABLE_DEBUG_INFO = NO;
				MTL_FAST_MATH = YES;
				SDKROOT = iphoneos;
				SWIFT_COMPILATION_MODE = wholemodule;
				VALIDATE_PRODUCT = YES;
			};
			name = Release;
		};
		C9F5A7DC2B8D23F100B22DA3 /* Debug */ = {
			isa = XCBuildConfiguration;
			buildSettings = {
				ASSETCATALOG_COMPILER_APPICON_NAME = AppIcon;
				ASSETCATALOG_COMPILER_GLOBAL_ACCENT_COLOR_NAME = AccentColor;
				CODE_SIGN_STYLE = Automatic;
				CURRENT_PROJECT_VERSION = 1;
				DEVELOPMENT_ASSET_PATHS = "\"Halfway/Preview Content\"";
				DEVELOPMENT_TEAM = A3338WURDA;
				ENABLE_PREVIEWS = YES;
				GENERATE_INFOPLIST_FILE = YES;
				INFOPLIST_FILE = Halfway/Info.plist;
				INFOPLIST_KEY_CFBundleDisplayName = "Meet Halfway";
				INFOPLIST_KEY_LSApplicationCategoryType = "public.app-category.navigation";
				INFOPLIST_KEY_NSContactsUsageDescription = "Halfway needs access to your contacts to let you find places between you and your friends' locations.";
				INFOPLIST_KEY_NSLocationAlwaysAndWhenInUseUsageDescription = "Halfway needs your location to find places halfway between you and your friend.";
				INFOPLIST_KEY_NSLocationWhenInUseUsageDescription = "Halfway needs your location to find places halfway between you and your friend.";
				INFOPLIST_KEY_UIApplicationSupportsIndirectInputEvents = YES;
				INFOPLIST_KEY_UILaunchScreen_Generation = YES;
				INFOPLIST_KEY_UILaunchStoryboardName = LaunchScreen;
				INFOPLIST_KEY_UISupportedInterfaceOrientations = UIInterfaceOrientationPortrait;
				INFOPLIST_KEY_UISupportedInterfaceOrientations_iPad = "";
				IPHONEOS_DEPLOYMENT_TARGET = 15.0;
				LD_RUNPATH_SEARCH_PATHS = (
					"$(inherited)",
					"@executable_path/Frameworks",
				);
				MARKETING_VERSION = 1.2;
				PRODUCT_BUNDLE_IDENTIFIER = com.zekuro.halfwayapp;
				PRODUCT_NAME = "$(TARGET_NAME)";
				SWIFT_EMIT_LOC_STRINGS = YES;
				SWIFT_VERSION = 5.0;
				TARGETED_DEVICE_FAMILY = 1;
			};
			name = Debug;
		};
		C9F5A7DD2B8D23F100B22DA3 /* Release */ = {
			isa = XCBuildConfiguration;
			buildSettings = {
				ASSETCATALOG_COMPILER_APPICON_NAME = AppIcon;
				ASSETCATALOG_COMPILER_GLOBAL_ACCENT_COLOR_NAME = AccentColor;
				CODE_SIGN_STYLE = Automatic;
				CURRENT_PROJECT_VERSION = 1;
				DEVELOPMENT_ASSET_PATHS = "\"Halfway/Preview Content\"";
				DEVELOPMENT_TEAM = A3338WURDA;
				ENABLE_PREVIEWS = YES;
				GENERATE_INFOPLIST_FILE = YES;
				INFOPLIST_FILE = Halfway/Info.plist;
				INFOPLIST_KEY_CFBundleDisplayName = "Meet Halfway";
				INFOPLIST_KEY_LSApplicationCategoryType = "public.app-category.navigation";
				INFOPLIST_KEY_NSContactsUsageDescription = "Halfway needs access to your contacts to let you find places between you and your friends' locations.";
				INFOPLIST_KEY_NSLocationAlwaysAndWhenInUseUsageDescription = "Halfway needs your location to find places halfway between you and your friend.";
				INFOPLIST_KEY_NSLocationWhenInUseUsageDescription = "Halfway needs your location to find places halfway between you and your friend.";
				INFOPLIST_KEY_UIApplicationSupportsIndirectInputEvents = YES;
				INFOPLIST_KEY_UILaunchScreen_Generation = YES;
				INFOPLIST_KEY_UILaunchStoryboardName = LaunchScreen;
				INFOPLIST_KEY_UISupportedInterfaceOrientations = UIInterfaceOrientationPortrait;
				INFOPLIST_KEY_UISupportedInterfaceOrientations_iPad = "";
				IPHONEOS_DEPLOYMENT_TARGET = 15.0;
				LD_RUNPATH_SEARCH_PATHS = (
					"$(inherited)",
					"@executable_path/Frameworks",
				);
				MARKETING_VERSION = 1.2;
				PRODUCT_BUNDLE_IDENTIFIER = com.zekuro.halfwayapp;
				PRODUCT_NAME = "$(TARGET_NAME)";
				SWIFT_EMIT_LOC_STRINGS = YES;
				SWIFT_VERSION = 5.0;
				TARGETED_DEVICE_FAMILY = 1;
			};
			name = Release;
		};
/* End XCBuildConfiguration section */

/* Begin XCConfigurationList section */
		C9F5A7C82B8D23EF00B22DA3 /* Build configuration list for PBXProject "Halfway" */ = {
			isa = XCConfigurationList;
			buildConfigurations = (
				C9F5A7D92B8D23F100B22DA3 /* Debug */,
				C9F5A7DA2B8D23F100B22DA3 /* Release */,
			);
			defaultConfigurationIsVisible = 0;
			defaultConfigurationName = Release;
		};
		C9F5A7DB2B8D23F100B22DA3 /* Build configuration list for PBXNativeTarget "Halfway" */ = {
			isa = XCConfigurationList;
			buildConfigurations = (
				C9F5A7DC2B8D23F100B22DA3 /* Debug */,
				C9F5A7DD2B8D23F100B22DA3 /* Release */,
			);
			defaultConfigurationIsVisible = 0;
			defaultConfigurationName = Release;
		};
/* End XCConfigurationList section */
	};
	rootObject = C9F5A7C52B8D23EF00B22DA3 /* Project object */;
}
